{
  "name": "demo",
  "version": "1.0.0",
  "lockfileVersion": 1,
  "requires": true,
  "dependencies": {
    "arr-diff": {
      "version": "4.0.0",
      "resolved": "https://registry.npmjs.org/arr-diff/-/arr-diff-4.0.0.tgz",
      "integrity": "sha1-1kYQdP6/7HHn4VI1dhoyml3HxSA="
    },
    "arr-flatten": {
      "version": "1.1.0",
      "resolved": "https://registry.npmjs.org/arr-flatten/-/arr-flatten-1.1.0.tgz",
      "integrity": "sha512-L3hKV5R/p5o81R7O02IGnwpDmkp6E982XhtbuwSe3O4qOtMMMtodicASA1Cny2U+aCXcNpml+m4dPsvsJ3jatg=="
    },
    "array-first": {
      "version": "1.0.2",
      "resolved": "https://registry.npmjs.org/array-first/-/array-first-1.0.2.tgz",
      "integrity": "sha1-mGZxgQdKwlZrPCmT4Swx7/muJQY=",
      "requires": {
        "array-slice": "0.2.3",
        "is-number": "2.1.0"
      }
    },
    "array-last": {
      "version": "1.2.0",
      "resolved": "https://registry.npmjs.org/array-last/-/array-last-1.2.0.tgz",
      "integrity": "sha1-CISmfsKsKggTP8APZnec/tsBCYY=",
      "requires": {
        "is-number": "3.0.0"
      },
      "dependencies": {
        "is-number": {
          "version": "3.0.0",
          "resolved": "https://registry.npmjs.org/is-number/-/is-number-3.0.0.tgz",
          "integrity": "sha1-JP1iAaR4LPUFYcgQJ2r8fRLXEZU=",
          "requires": {
            "kind-of": "3.2.2"
          }
        }
      }
    },
    "array-range": {
      "version": "1.0.1",
      "resolved": "https://registry.npmjs.org/array-range/-/array-range-1.0.1.tgz",
      "integrity": "sha1-9W5GWRhDYRxqVvd+8C7afFAIm/w="
    },
    "array-slice": {
      "version": "0.2.3",
      "resolved": "https://registry.npmjs.org/array-slice/-/array-slice-0.2.3.tgz",
      "integrity": "sha1-3Tz7gO15c6dRF82sabC5nshhhvU="
    },
    "dedupe": {
      "version": "2.1.0",
      "resolved": "https://registry.npmjs.org/dedupe/-/dedupe-2.1.0.tgz",
      "integrity": "sha1-fyAdAULKOOSHYs/DP/eYFoGLw0c=",
      "requires": {
        "sigmund": "1.0.1"
      }
    },
    "filled-array": {
      "version": "1.1.0",
      "resolved": "https://registry.npmjs.org/filled-array/-/filled-array-1.1.0.tgz",
      "integrity": "sha1-w8T2xmO5I0WamqKZEtLQMfFQf4Q="
    },
    "in-array": {
      "version": "0.1.2",
      "resolved": "https://registry.npmjs.org/in-array/-/in-array-0.1.2.tgz",
      "integrity": "sha1-GiaDAJF3q5FK3gYgo1xQOYUfNxU="
    },
    "is-buffer": {
      "version": "1.1.5",
      "resolved": "https://registry.npmjs.org/is-buffer/-/is-buffer-1.1.5.tgz",
      "integrity": "sha1-Hzsm72E7IUuIy8ojzGwB2Hlh7sw="
    },
    "is-number": {
      "version": "2.1.0",
      "resolved": "https://registry.npmjs.org/is-number/-/is-number-2.1.0.tgz",
      "integrity": "sha1-Afy7s5NGOlSPL0ZszhbezknbkI8=",
      "requires": {
        "kind-of": "3.2.2"
      }
    },
    "is-sorted": {
      "version": "1.0.4",
      "resolved": "https://registry.npmjs.org/is-sorted/-/is-sorted-1.0.4.tgz",
      "integrity": "sha512-uI3448g+UCXDRczuswU0ORid+IoV6LqAiJ6mQ+xcH/ATYlwPxdqprXrvohurE0+tUMptCdduewLe2/0M9kR0OA=="
    },
    "kind-of": {
      "version": "3.2.2",
      "resolved": "https://registry.npmjs.org/kind-of/-/kind-of-3.2.2.tgz",
      "integrity": "sha1-MeohpzS6ubuw8yRm2JOupR5KPGQ=",
      "requires": {
        "is-buffer": "1.1.5"
      }
    },
    "map-array": {
      "version": "1.2.0",
      "resolved": "https://registry.npmjs.org/map-array/-/map-array-1.2.0.tgz",
      "integrity": "sha512-TVEWxvD9+YJPX+BO2ehbmZBqz38PfdpbTJRrRV8FpY6LexkwB48it+J1M3jnZ/8eMhTw9qDPnLuGgmrN+XIMEg==",
      "requires": {
        "map-obj": "2.0.0"
      }
    },
    "map-obj": {
      "version": "2.0.0",
      "resolved": "https://registry.npmjs.org/map-obj/-/map-obj-2.0.0.tgz",
      "integrity": "sha1-plzSkIepJZi4eRJXpSPgISIqwfk="
    },
    "mirrarray": {
      "version": "2.0.0",
      "resolved": "https://registry.npmjs.org/mirrarray/-/mirrarray-2.0.0.tgz",
      "integrity": "sha512-z7YW6OC9zWriGlC+pM01GEnaqnzzAXwrNtaV2mPl2J0BmCRexAPLiWoaPH5zNvdrpZdijHD9/IQAovptiLPe5w=="
    },
    "sigmund": {
      "version": "1.0.1",
      "resolved": "https://registry.npmjs.org/sigmund/-/sigmund-1.0.1.tgz",
      "integrity": "sha1-P/IfGYytIXX587eBhT/ZTQ0ZtZA="
    },
    "swap-array": {
      "version": "1.0.0",
      "resolved": "https://registry.npmjs.org/swap-array/-/swap-array-1.0.0.tgz",
      "integrity": "sha1-QNVoDm8mJDKLp5bempqc9rs/PQM="
    },
    "unordered-array-remove": {
      "version": "1.0.2",
      "resolved": "https://registry.npmjs.org/unordered-array-remove/-/unordered-array-remove-1.0.2.tgz",
      "integrity": "sha1-xUbo+I4xegzyZEyX7LV9umbSUO8="
    }
  }
}
